// !$*UTF8*$!
{
	archiveVersion = 1;
	classes = {
	};
	objectVersion = 48;
	objects = {

/* Begin PBXFileReference section */
		13FE1A85205A8CF60070EADF /* LazyObject.swift */ = {isa = PBXFileReference; lastKnownFileType = sourcecode.swift; path = LazyObject.swift; sourceTree = "<group>"; };
/* End PBXFileReference section */

/* Begin PBXGroup section */
		13FE1A7E205A8CE50070EADF = {
			isa = PBXGroup;
			children = (
				13FE1A85205A8CF60070EADF /* LazyObject.swift */,
			);
			sourceTree = "<group>";
		};
/* End PBXGroup section */

/* Begin PBXProject section */
		13FE1A7F205A8CE50070EADF /* Project object */ = {
			isa = PBXProject;
			attributes = {
				LastUpgradeCheck = 0920;
			};
			buildConfigurationList = 13FE1A82205A8CE50070EADF /* Build configuration list for PBXProject "LazyObject" */;
			compatibilityVersion = "Xcode 8.0";
			developmentRegion = en;
			hasScannedForEncodings = 0;
			knownRegions = (
				en,
			);
			mainGroup = 13FE1A7E205A8CE50070EADF;
			projectDirPath = "";
			projectRoot = "";
			targets = (
			);
		};
/* End PBXProject section */

/* Begin XCBuildConfiguration section */
		13FE1A83205A8CE50070EADF /* Debug */ = {
			isa = XCBuildConfiguration;
			buildSettings = {
			};
			name = Debug;
		};
		13FE1A84205A8CE50070EADF /* Release */ = {
			isa = XCBuildConfiguration;
			buildSettings = {
			};
			name = Release;
		};
/* End XCBuildConfiguration section */

/* Begin XCConfigurationList section */
		13FE1A82205A8CE50070EADF /* Build configuration list for PBXProject "LazyObject" */ = {
			isa = XCConfigurationList;
			buildConfigurations = (
				13FE1A83205A8CE50070EADF /* Debug */,
				13FE1A84205A8CE50070EADF /* Release */,
			);
			defaultConfigurationIsVisible = 0;
			defaultConfigurationName = Release;
		};
/* End XCConfigurationList section */
	};
	rootObject = 13FE1A7F205A8CE50070EADF /* Project object */;
}
